{
  "name": "fullstack-app",
  "version": "1.0.0",
  "lockfileVersion": 3,
  "requires": true,
  "packages": {
    "": {
      "name": "fullstack-app",
      "version": "1.0.0",
      "dependencies": {
        "fullstack-app": "file:"
      }
    },
    "node_modules/fullstack-app": {
      "resolved": "",
      "link": true
    }
  }
}
